Microsoft Visual Studio Solution File, Format Version 11.00
# Visual Studio 2008

Project("{82226B31-C082-BCEA-FAA8-C62AB7011C8D}") = "mySurrealEvenings", "Assembly-CSharp-firstpass.csproj", "{3A46529C-8B79-7B6B-CC84-05306749B944}"
EndProject
Project("{82226B31-C082-BCEA-FAA8-C62AB7011C8D}") = "mySurrealEvenings", "Assembly-CSharp.csproj", "{7FDB0270-06F4-11C7-8CDB-0B793024EE6F}"
EndProject
Project("{82226B31-C082-BCEA-FAA8-C62AB7011C8D}") = "mySurrealEvenings", "Assembly-CSharp-Editor.csproj", "{C19AAD1B-FDC0-F68B-2333-00D9757AB7D7}"
EndProject
Global
	GlobalSection(SolutionConfigurationPlatforms) = preSolution
		Debug|Any CPU = Debug|Any CPU
		Release|Any CPU = Release|Any CPU
	EndGlobalSection
	GlobalSection(ProjectConfigurationPlatforms) = postSolution
		{3A46529C-8B79-7B6B-CC84-05306749B944}.Debug|Any CPU.ActiveCfg = Debug|Any CPU
		{3A46529C-8B79-7B6B-CC84-05306749B944}.Debug|Any CPU.Build.0 = Debug|Any CPU
		{3A46529C-8B79-7B6B-CC84-05306749B944}.Release|Any CPU.ActiveCfg = Release|Any CPU
		{3A46529C-8B79-7B6B-CC84-05306749B944}.Release|Any CPU.Build.0 = Release|Any CPU
		{7FDB0270-06F4-11C7-8CDB-0B793024EE6F}.Debug|Any CPU.ActiveCfg = Debug|Any CPU
		{7FDB0270-06F4-11C7-8CDB-0B793024EE6F}.Debug|Any CPU.Build.0 = Debug|Any CPU
		{7FDB0270-06F4-11C7-8CDB-0B793024EE6F}.Release|Any CPU.ActiveCfg = Release|Any CPU
		{7FDB0270-06F4-11C7-8CDB-0B793024EE6F}.Release|Any CPU.Build.0 = Release|Any CPU
		{C19AAD1B-FDC0-F68B-2333-00D9757AB7D7}.Debug|Any CPU.ActiveCfg = Debug|Any CPU
		{C19AAD1B-FDC0-F68B-2333-00D9757AB7D7}.Debug|Any CPU.Build.0 = Debug|Any CPU
		{C19AAD1B-FDC0-F68B-2333-00D9757AB7D7}.Release|Any CPU.ActiveCfg = Release|Any CPU
		{C19AAD1B-FDC0-F68B-2333-00D9757AB7D7}.Release|Any CPU.Build.0 = Release|Any CPU
	EndGlobalSection
	GlobalSection(SolutionProperties) = preSolution
		HideSolutionNode = FALSE
	EndGlobalSection
	GlobalSection(MonoDevelopProperties) = preSolution
		StartupItem = Assembly-CSharp.csproj
	EndGlobalSection
EndGlobal
